{
  "name": "phishing",
  "version": "1.0.0",
  "lockfileVersion": 3,
  "requires": true,
  "packages": {
    "": {
      "name": "phishing",
      "version": "1.0.0",
      "license": "ISC",
      "dependencies": {
        "total4": "^0.0.98",
        "total5": "^0.0.8"
      }
    },
    "node_modules/total4": {
      "version": "0.0.98",
      "resolved": "https://registry.npmjs.org/total4/-/total4-0.0.98.tgz",
      "integrity": "sha512-SW5MVOqXH2ERa7/dBYasTxvHt816cC74zLyY8n89jFdT649Xd0Su4SeF6UJ7hqpBz7kw3Yy50U05Hu7BjVb4JQ==",
      "license": "MIT",
      "bin": {
        "total4": "bin/total4"
      }
    },
    "node_modules/total5": {
      "version": "0.0.8",
      "resolved": "https://registry.npmjs.org/total5/-/total5-0.0.8.tgz",
      "integrity": "sha512-jwfq3bhMy/BF/yvBmkIYNG0SU5pkY9jTTa4CviviOFwrUzTikRfs4iekSZp/czvHX+BbFf4YvEekyqOLLeTHYQ==",
      "license": "MIT",
      "bin": {
        "flow5": "bin/flow5",
        "total5": "bin/total5"
      }
    }
  }
}
